
Microsoft Visual Studio Solution File, Format Version 12.00
# Visual Studio Version 17
VisualStudioVersion = 17.12.35707.178 d17.12
MinimumVisualStudioVersion = 10.0.40219.1
Project("{888888A0-9F3D-457C-B088-3A5042F75D52}") = "IS4010-001 In Class 2-11-2025", "IS4010-001 In Class 2-11-2025\IS4010-001 In Class 2-11-2025.pyproj", "{F1C4932F-CF96-4E33-AC80-C81135DAA7F2}"
EndProject
Global
	GlobalSection(SolutionConfigurationPlatforms) = preSolution
		Debug|Any CPU = Debug|Any CPU
		Release|Any CPU = Release|Any CPU
	EndGlobalSection
	GlobalSection(ProjectConfigurationPlatforms) = postSolution
		{F1C4932F-CF96-4E33-AC80-C81135DAA7F2}.Debug|Any CPU.ActiveCfg = Debug|Any CPU
		{F1C4932F-CF96-4E33-AC80-C81135DAA7F2}.Release|Any CPU.ActiveCfg = Release|Any CPU
	EndGlobalSection
	GlobalSection(SolutionProperties) = preSolution
		HideSolutionNode = FALSE
	EndGlobalSection
EndGlobal
